
Microsoft Visual Studio Solution File, Format Version 12.00
# Visual Studio Version 17
VisualStudioVersion = 17.14.36518.9 d17.14
MinimumVisualStudioVersion = 10.0.40219.1
Project("{FAE04EC0-301F-11D3-BF4B-00C04F79EFBC}") = "Chronos", "Chronos.csproj", "{BE29D8E6-D7E9-4289-9509-4E8577609E96}"
EndProject
Global
	GlobalSection(SolutionConfigurationPlatforms) = preSolution
		Debug|Any CPU = Debug|Any CPU
		Release|Any CPU = Release|Any CPU
	EndGlobalSection
	GlobalSection(ProjectConfigurationPlatforms) = postSolution
		{BE29D8E6-D7E9-4289-9509-4E8577609E96}.Debug|Any CPU.ActiveCfg = Debug|Any CPU
		{BE29D8E6-D7E9-4289-9509-4E8577609E96}.Debug|Any CPU.Build.0 = Debug|Any CPU
		{BE29D8E6-D7E9-4289-9509-4E8577609E96}.Release|Any CPU.ActiveCfg = Release|Any CPU
		{BE29D8E6-D7E9-4289-9509-4E8577609E96}.Release|Any CPU.Build.0 = Release|Any CPU
	EndGlobalSection
	GlobalSection(SolutionProperties) = preSolution
		HideSolutionNode = FALSE
	EndGlobalSection
	GlobalSection(ExtensibilityGlobals) = postSolution
		SolutionGuid = {DD19650D-0608-4D49-A1A7-0F166A623B4A}
	EndGlobalSection
EndGlobal
